{
  "name": "customUI3",
  "lockfileVersion": 2,
  "requires": true,
  "packages": {
    "": {
      "devDependencies": {
        "@dcloudio/types": "^3.3.3",
        "typescript": "^5.0.4"
      }
    },
    "node_modules/@dcloudio/types": {
      "version": "3.3.3",
      "resolved": "https://registry.npmjs.org/@dcloudio/types/-/types-3.3.3.tgz",
      "integrity": "sha512-xfp88QOJ2fgCzv49HhEGrX0L+3xDsCyyvcoApL7z0J1Lr7tqPUkxqAVBe9zBlKsDX/mO9mNj7NzKIisHfp+fNQ==",
      "dev": true
    },
    "node_modules/typescript": {
      "version": "5.0.4",
      "resolved": "https://registry.npmjs.org/typescript/-/typescript-5.0.4.tgz",
      "integrity": "sha512-cW9T5W9xY37cc+jfEnaUvX91foxtHkza3Nw3wkoF4sSlKn0MONdkdEndig/qPBWXNkmplh3NzayQzCiHM4/hqw==",
      "dev": true,
      "bin": {
        "tsc": "bin/tsc",
        "tsserver": "bin/tsserver"
      },
      "engines": {
        "node": ">=12.20"
      }
    }
  },
  "dependencies": {
    "@dcloudio/types": {
      "version": "3.3.3",
      "resolved": "https://registry.npmjs.org/@dcloudio/types/-/types-3.3.3.tgz",
      "integrity": "sha512-xfp88QOJ2fgCzv49HhEGrX0L+3xDsCyyvcoApL7z0J1Lr7tqPUkxqAVBe9zBlKsDX/mO9mNj7NzKIisHfp+fNQ==",
      "dev": true
    },
    "typescript": {
      "version": "5.0.4",
      "resolved": "https://registry.npmjs.org/typescript/-/typescript-5.0.4.tgz",
      "integrity": "sha512-cW9T5W9xY37cc+jfEnaUvX91foxtHkza3Nw3wkoF4sSlKn0MONdkdEndig/qPBWXNkmplh3NzayQzCiHM4/hqw==",
      "dev": true
    }
  }
}
